
Microsoft Visual Studio Solution File, Format Version 12.00
# Visual Studio 15
VisualStudioVersion = 15.0.28307.1259
MinimumVisualStudioVersion = 10.0.40219.1
Project("{FAE04EC0-301F-11D3-BF4B-00C04F79EFBC}") = "client", "client.csproj", "{61827C19-843C-411D-868C-871319F6227E}"
EndProject
Global
	GlobalSection(SolutionConfigurationPlatforms) = preSolution
		Debug|Any CPU = Debug|Any CPU
		Release|Any CPU = Release|Any CPU
	EndGlobalSection
	GlobalSection(ProjectConfigurationPlatforms) = postSolution
		{61827C19-843C-411D-868C-871319F6227E}.Debug|Any CPU.ActiveCfg = Debug|Any CPU
		{61827C19-843C-411D-868C-871319F6227E}.Debug|Any CPU.Build.0 = Debug|Any CPU
		{61827C19-843C-411D-868C-871319F6227E}.Release|Any CPU.ActiveCfg = Release|Any CPU
		{61827C19-843C-411D-868C-871319F6227E}.Release|Any CPU.Build.0 = Release|Any CPU
	EndGlobalSection
	GlobalSection(SolutionProperties) = preSolution
		HideSolutionNode = FALSE
	EndGlobalSection
	GlobalSection(ExtensibilityGlobals) = postSolution
		SolutionGuid = {72E05592-16D4-4F79-BE28-8065F2D737B4}
	EndGlobalSection
EndGlobal
